// !$*UTF8*$!
{
	archiveVersion = 1;
	classes = {
	};
	objectVersion = 50;
	objects = {

/* Begin PBXBuildFile section */
		BE44F91C21A129A300B9570E /* main.c in Sources */ = {isa = PBXBuildFile; fileRef = BE44F91B21A129A300B9570E /* main.c */; };
		BE44F92321A12A3C00B9570E /* context_handler.s in Sources */ = {isa = PBXBuildFile; fileRef = BE44F92221A12A3C00B9570E /* context_handler.s */; };
		BE44F92921A21B6000B9570E /* cscore.c in Sources */ = {isa = PBXBuildFile; fileRef = BE44F92821A21B6000B9570E /* cscore.c */; };
		BE44F92C21A279EC00B9570E /* cssysctrl.c in Sources */ = {isa = PBXBuildFile; fileRef = BE44F92B21A279EC00B9570E /* cssysctrl.c */; };
		BE44F93021A28A5600B9570E /* runloop.c in Sources */ = {isa = PBXBuildFile; fileRef = BE44F92F21A28A5600B9570E /* runloop.c */; };
		BE44F93321A34EA000B9570E /* csshell.c in Sources */ = {isa = PBXBuildFile; fileRef = BE44F93221A34EA000B9570E /* csshell.c */; };
		BE9C86F921A3C2BB0093D883 /* tasks.c in Sources */ = {isa = PBXBuildFile; fileRef = BE9C86F821A3C2BB0093D883 /* tasks.c */; };
/* End PBXBuildFile section */

/* Begin PBXCopyFilesBuildPhase section */
		BE44F91621A129A300B9570E /* CopyFiles */ = {
			isa = PBXCopyFilesBuildPhase;
			buildActionMask = 2147483647;
			dstPath = /usr/share/man/man1/;
			dstSubfolderSpec = 0;
			files = (
			);
			runOnlyForDeploymentPostprocessing = 1;
		};
/* End PBXCopyFilesBuildPhase section */

/* Begin PBXFileReference section */
		BE44F91821A129A300B9570E /* coroutine_scheduler */ = {isa = PBXFileReference; explicitFileType = "compiled.mach-o.executable"; includeInIndex = 0; path = coroutine_scheduler; sourceTree = BUILT_PRODUCTS_DIR; };
		BE44F91B21A129A300B9570E /* main.c */ = {isa = PBXFileReference; lastKnownFileType = sourcecode.c.c; path = main.c; sourceTree = "<group>"; };
		BE44F92221A12A3C00B9570E /* context_handler.s */ = {isa = PBXFileReference; lastKnownFileType = sourcecode.asm; path = context_handler.s; sourceTree = "<group>"; };
		BE44F92421A217F000B9570E /* cstype.h */ = {isa = PBXFileReference; lastKnownFileType = sourcecode.c.h; path = cstype.h; sourceTree = "<group>"; };
		BE44F92721A21B6000B9570E /* cscore.h */ = {isa = PBXFileReference; lastKnownFileType = sourcecode.c.h; path = cscore.h; sourceTree = "<group>"; };
		BE44F92821A21B6000B9570E /* cscore.c */ = {isa = PBXFileReference; lastKnownFileType = sourcecode.c.c; path = cscore.c; sourceTree = "<group>"; };
		BE44F92A21A279EC00B9570E /* cssysctrl.h */ = {isa = PBXFileReference; lastKnownFileType = sourcecode.c.h; path = cssysctrl.h; sourceTree = "<group>"; };
		BE44F92B21A279EC00B9570E /* cssysctrl.c */ = {isa = PBXFileReference; lastKnownFileType = sourcecode.c.c; path = cssysctrl.c; sourceTree = "<group>"; };
		BE44F92E21A28A5600B9570E /* runloop.h */ = {isa = PBXFileReference; lastKnownFileType = sourcecode.c.h; path = runloop.h; sourceTree = "<group>"; };
		BE44F92F21A28A5600B9570E /* runloop.c */ = {isa = PBXFileReference; lastKnownFileType = sourcecode.c.c; path = runloop.c; sourceTree = "<group>"; };
		BE44F93121A34EA000B9570E /* csshell.h */ = {isa = PBXFileReference; lastKnownFileType = sourcecode.c.h; path = csshell.h; sourceTree = "<group>"; };
		BE44F93221A34EA000B9570E /* csshell.c */ = {isa = PBXFileReference; lastKnownFileType = sourcecode.c.c; path = csshell.c; sourceTree = "<group>"; };
		BE9C86F721A3C2BB0093D883 /* tasks.h */ = {isa = PBXFileReference; lastKnownFileType = sourcecode.c.h; path = tasks.h; sourceTree = "<group>"; };
		BE9C86F821A3C2BB0093D883 /* tasks.c */ = {isa = PBXFileReference; lastKnownFileType = sourcecode.c.c; path = tasks.c; sourceTree = "<group>"; };
/* End PBXFileReference section */

/* Begin PBXFrameworksBuildPhase section */
		BE44F91521A129A300B9570E /* Frameworks */ = {
			isa = PBXFrameworksBuildPhase;
			buildActionMask = 2147483647;
			files = (
			);
			runOnlyForDeploymentPostprocessing = 0;
		};
/* End PBXFrameworksBuildPhase section */

/* Begin PBXGroup section */
		BE44F90F21A129A300B9570E = {
			isa = PBXGroup;
			children = (
				BE44F91A21A129A300B9570E /* coroutine_scheduler */,
				BE44F91921A129A300B9570E /* Products */,
			);
			sourceTree = "<group>";
		};
		BE44F91921A129A300B9570E /* Products */ = {
			isa = PBXGroup;
			children = (
				BE44F91821A129A300B9570E /* coroutine_scheduler */,
			);
			name = Products;
			sourceTree = "<group>";
		};
		BE44F91A21A129A300B9570E /* coroutine_scheduler */ = {
			isa = PBXGroup;
			children = (
				BE44F91B21A129A300B9570E /* main.c */,
				BE44F92221A12A3C00B9570E /* context_handler.s */,
				BE44F92421A217F000B9570E /* cstype.h */,
				BE44F92721A21B6000B9570E /* cscore.h */,
				BE44F92821A21B6000B9570E /* cscore.c */,
				BE44F92A21A279EC00B9570E /* cssysctrl.h */,
				BE44F92B21A279EC00B9570E /* cssysctrl.c */,
				BE44F92E21A28A5600B9570E /* runloop.h */,
				BE44F92F21A28A5600B9570E /* runloop.c */,
				BE44F93121A34EA000B9570E /* csshell.h */,
				BE44F93221A34EA000B9570E /* csshell.c */,
				BE9C86F721A3C2BB0093D883 /* tasks.h */,
				BE9C86F821A3C2BB0093D883 /* tasks.c */,
			);
			path = coroutine_scheduler;
			sourceTree = "<group>";
		};
/* End PBXGroup section */

/* Begin PBXNativeTarget section */
		BE44F91721A129A300B9570E /* coroutine_scheduler */ = {
			isa = PBXNativeTarget;
			buildConfigurationList = BE44F91F21A129A300B9570E /* Build configuration list for PBXNativeTarget "coroutine_scheduler" */;
			buildPhases = (
				BE44F91421A129A300B9570E /* Sources */,
				BE44F91521A129A300B9570E /* Frameworks */,
				BE44F91621A129A300B9570E /* CopyFiles */,
			);
			buildRules = (
			);
			dependencies = (
			);
			name = coroutine_scheduler;
			productName = coroutine_scheduler;
			productReference = BE44F91821A129A300B9570E /* coroutine_scheduler */;
			productType = "com.apple.product-type.tool";
		};
/* End PBXNativeTarget section */

/* Begin PBXProject section */
		BE44F91021A129A300B9570E /* Project object */ = {
			isa = PBXProject;
			attributes = {
				LastUpgradeCheck = 1010;
				ORGANIZATIONNAME = "王路远";
				TargetAttributes = {
					BE44F91721A129A300B9570E = {
						CreatedOnToolsVersion = 10.1;
					};
				};
			};
			buildConfigurationList = BE44F91321A129A300B9570E /* Build configuration list for PBXProject "coroutine_scheduler" */;
			compatibilityVersion = "Xcode 9.3";
			developmentRegion = en;
			hasScannedForEncodings = 0;
			knownRegions = (
				en,
			);
			mainGroup = BE44F90F21A129A300B9570E;
			productRefGroup = BE44F91921A129A300B9570E /* Products */;
			projectDirPath = "";
			projectRoot = "";
			targets = (
				BE44F91721A129A300B9570E /* coroutine_scheduler */,
			);
		};
/* End PBXProject section */

/* Begin PBXSourcesBuildPhase section */
		BE44F91421A129A300B9570E /* Sources */ = {
			isa = PBXSourcesBuildPhase;
			buildActionMask = 2147483647;
			files = (
				BE44F93321A34EA000B9570E /* csshell.c in Sources */,
				BE44F92921A21B6000B9570E /* cscore.c in Sources */,
				BE9C86F921A3C2BB0093D883 /* tasks.c in Sources */,
				BE44F92321A12A3C00B9570E /* context_handler.s in Sources */,
				BE44F92C21A279EC00B9570E /* cssysctrl.c in Sources */,
				BE44F91C21A129A300B9570E /* main.c in Sources */,
				BE44F93021A28A5600B9570E /* runloop.c in Sources */,
			);
			runOnlyForDeploymentPostprocessing = 0;
		};
/* End PBXSourcesBuildPhase section */

/* Begin XCBuildConfiguration section */
		BE44F91D21A129A300B9570E /* Debug */ = {
			isa = XCBuildConfiguration;
			buildSettings = {
				ALWAYS_SEARCH_USER_PATHS = NO;
				CLANG_ANALYZER_NONNULL = YES;
				CLANG_ANALYZER_NUMBER_OBJECT_CONVERSION = YES_AGGRESSIVE;
				CLANG_CXX_LANGUAGE_STANDARD = "gnu++14";
				CLANG_CXX_LIBRARY = "libc++";
				CLANG_ENABLE_MODULES = YES;
				CLANG_ENABLE_OBJC_ARC = YES;
				CLANG_ENABLE_OBJC_WEAK = YES;
				CLANG_WARN_BLOCK_CAPTURE_AUTORELEASING = YES;
				CLANG_WARN_BOOL_CONVERSION = YES;
				CLANG_WARN_COMMA = YES;
				CLANG_WARN_CONSTANT_CONVERSION = YES;
				CLANG_WARN_DEPRECATED_OBJC_IMPLEMENTATIONS = YES;
				CLANG_WARN_DIRECT_OBJC_ISA_USAGE = YES_ERROR;
				CLANG_WARN_DOCUMENTATION_COMMENTS = YES;
				CLANG_WARN_EMPTY_BODY = YES;
				CLANG_WARN_ENUM_CONVERSION = YES;
				CLANG_WARN_INFINITE_RECURSION = YES;
				CLANG_WARN_INT_CONVERSION = YES;
				CLANG_WARN_NON_LITERAL_NULL_CONVERSION = YES;
				CLANG_WARN_OBJC_IMPLICIT_RETAIN_SELF = YES;
				CLANG_WARN_OBJC_LITERAL_CONVERSION = YES;
				CLANG_WARN_OBJC_ROOT_CLASS = YES_ERROR;
				CLANG_WARN_RANGE_LOOP_ANALYSIS = YES;
				CLANG_WARN_STRICT_PROTOTYPES = YES;
				CLANG_WARN_SUSPICIOUS_MOVE = YES;
				CLANG_WARN_UNGUARDED_AVAILABILITY = YES_AGGRESSIVE;
				CLANG_WARN_UNREACHABLE_CODE = YES;
				CLANG_WARN__DUPLICATE_METHOD_MATCH = YES;
				CODE_SIGN_IDENTITY = "Mac Developer";
				COPY_PHASE_STRIP = NO;
				DEBUG_INFORMATION_FORMAT = dwarf;
				ENABLE_STRICT_OBJC_MSGSEND = YES;
				ENABLE_TESTABILITY = YES;
				GCC_C_LANGUAGE_STANDARD = gnu11;
				GCC_DYNAMIC_NO_PIC = NO;
				GCC_NO_COMMON_BLOCKS = YES;
				GCC_OPTIMIZATION_LEVEL = 0;
				GCC_PREPROCESSOR_DEFINITIONS = (
					"DEBUG=1",
					"$(inherited)",
				);
				GCC_WARN_64_TO_32_BIT_CONVERSION = YES;
				GCC_WARN_ABOUT_RETURN_TYPE = YES_ERROR;
				GCC_WARN_UNDECLARED_SELECTOR = YES;
				GCC_WARN_UNINITIALIZED_AUTOS = YES_AGGRESSIVE;
				GCC_WARN_UNUSED_FUNCTION = YES;
				GCC_WARN_UNUSED_VARIABLE = YES;
				MACOSX_DEPLOYMENT_TARGET = 10.14;
				MTL_ENABLE_DEBUG_INFO = INCLUDE_SOURCE;
				MTL_FAST_MATH = YES;
				ONLY_ACTIVE_ARCH = YES;
				SDKROOT = macosx;
			};
			name = Debug;
		};
		BE44F91E21A129A300B9570E /* Release */ = {
			isa = XCBuildConfiguration;
			buildSettings = {
				ALWAYS_SEARCH_USER_PATHS = NO;
				CLANG_ANALYZER_NONNULL = YES;
				CLANG_ANALYZER_NUMBER_OBJECT_CONVERSION = YES_AGGRESSIVE;
				CLANG_CXX_LANGUAGE_STANDARD = "gnu++14";
				CLANG_CXX_LIBRARY = "libc++";
				CLANG_ENABLE_MODULES = YES;
				CLANG_ENABLE_OBJC_ARC = YES;
				CLANG_ENABLE_OBJC_WEAK = YES;
				CLANG_WARN_BLOCK_CAPTURE_AUTORELEASING = YES;
				CLANG_WARN_BOOL_CONVERSION = YES;
				CLANG_WARN_COMMA = YES;
				CLANG_WARN_CONSTANT_CONVERSION = YES;
				CLANG_WARN_DEPRECATED_OBJC_IMPLEMENTATIONS = YES;
				CLANG_WARN_DIRECT_OBJC_ISA_USAGE = YES_ERROR;
				CLANG_WARN_DOCUMENTATION_COMMENTS = YES;
				CLANG_WARN_EMPTY_BODY = YES;
				CLANG_WARN_ENUM_CONVERSION = YES;
				CLANG_WARN_INFINITE_RECURSION = YES;
				CLANG_WARN_INT_CONVERSION = YES;
				CLANG_WARN_NON_LITERAL_NULL_CONVERSION = YES;
				CLANG_WARN_OBJC_IMPLICIT_RETAIN_SELF = YES;
				CLANG_WARN_OBJC_LITERAL_CONVERSION = YES;
				CLANG_WARN_OBJC_ROOT_CLASS = YES_ERROR;
				CLANG_WARN_RANGE_LOOP_ANALYSIS = YES;
				CLANG_WARN_STRICT_PROTOTYPES = YES;
				CLANG_WARN_SUSPICIOUS_MOVE = YES;
				CLANG_WARN_UNGUARDED_AVAILABILITY = YES_AGGRESSIVE;
				CLANG_WARN_UNREACHABLE_CODE = YES;
				CLANG_WARN__DUPLICATE_METHOD_MATCH = YES;
				CODE_SIGN_IDENTITY = "Mac Developer";
				COPY_PHASE_STRIP = NO;
				DEBUG_INFORMATION_FORMAT = "dwarf-with-dsym";
				ENABLE_NS_ASSERTIONS = NO;
				ENABLE_STRICT_OBJC_MSGSEND = YES;
				GCC_C_LANGUAGE_STANDARD = gnu11;
				GCC_NO_COMMON_BLOCKS = YES;
				GCC_WARN_64_TO_32_BIT_CONVERSION = YES;
				GCC_WARN_ABOUT_RETURN_TYPE = YES_ERROR;
				GCC_WARN_UNDECLARED_SELECTOR = YES;
				GCC_WARN_UNINITIALIZED_AUTOS = YES_AGGRESSIVE;
				GCC_WARN_UNUSED_FUNCTION = YES;
				GCC_WARN_UNUSED_VARIABLE = YES;
				MACOSX_DEPLOYMENT_TARGET = 10.14;
				MTL_ENABLE_DEBUG_INFO = NO;
				MTL_FAST_MATH = YES;
				SDKROOT = macosx;
			};
			name = Release;
		};
		BE44F92021A129A300B9570E /* Debug */ = {
			isa = XCBuildConfiguration;
			buildSettings = {
				CODE_SIGN_STYLE = Automatic;
				DEVELOPMENT_TEAM = 868ZYAJ2Q9;
				PRODUCT_NAME = "$(TARGET_NAME)";
			};
			name = Debug;
		};
		BE44F92121A129A300B9570E /* Release */ = {
			isa = XCBuildConfiguration;
			buildSettings = {
				CODE_SIGN_STYLE = Automatic;
				DEVELOPMENT_TEAM = 868ZYAJ2Q9;
				PRODUCT_NAME = "$(TARGET_NAME)";
			};
			name = Release;
		};
/* End XCBuildConfiguration section */

/* Begin XCConfigurationList section */
		BE44F91321A129A300B9570E /* Build configuration list for PBXProject "coroutine_scheduler" */ = {
			isa = XCConfigurationList;
			buildConfigurations = (
				BE44F91D21A129A300B9570E /* Debug */,
				BE44F91E21A129A300B9570E /* Release */,
			);
			defaultConfigurationIsVisible = 0;
			defaultConfigurationName = Release;
		};
		BE44F91F21A129A300B9570E /* Build configuration list for PBXNativeTarget "coroutine_scheduler" */ = {
			isa = XCConfigurationList;
			buildConfigurations = (
				BE44F92021A129A300B9570E /* Debug */,
				BE44F92121A129A300B9570E /* Release */,
			);
			defaultConfigurationIsVisible = 0;
			defaultConfigurationName = Release;
		};
/* End XCConfigurationList section */
	};
	rootObject = BE44F91021A129A300B9570E /* Project object */;
}
